
Microsoft Visual Studio Solution File, Format Version 12.00
# Visual Studio Version 17
VisualStudioVersion = 17.3.32929.385
MinimumVisualStudioVersion = 10.0.40219.1
Project("{FAE04EC0-301F-11D3-BF4B-00C04F79EFBC}") = "project", "project\project.csproj", "{57597BD9-102E-45FA-8AAA-7BBC6CD403A4}"
EndProject
Global
	GlobalSection(SolutionConfigurationPlatforms) = preSolution
		Debug|Any CPU = Debug|Any CPU
		Release|Any CPU = Release|Any CPU
	EndGlobalSection
	GlobalSection(ProjectConfigurationPlatforms) = postSolution
		{57597BD9-102E-45FA-8AAA-7BBC6CD403A4}.Debug|Any CPU.ActiveCfg = Debug|Any CPU
		{57597BD9-102E-45FA-8AAA-7BBC6CD403A4}.Debug|Any CPU.Build.0 = Debug|Any CPU
		{57597BD9-102E-45FA-8AAA-7BBC6CD403A4}.Release|Any CPU.ActiveCfg = Release|Any CPU
		{57597BD9-102E-45FA-8AAA-7BBC6CD403A4}.Release|Any CPU.Build.0 = Release|Any CPU
	EndGlobalSection
	GlobalSection(SolutionProperties) = preSolution
		HideSolutionNode = FALSE
	EndGlobalSection
	GlobalSection(ExtensibilityGlobals) = postSolution
		SolutionGuid = {7970C17A-EF9B-44A5-A76F-C94ACEF4118B}
	EndGlobalSection
EndGlobal
